
Microsoft Visual Studio Solution File, Format Version 12.00
# Visual Studio Version 17
VisualStudioVersion = 17.1.32328.378
MinimumVisualStudioVersion = 10.0.40219.1
Project("{FAE04EC0-301F-11D3-BF4B-00C04F79EFBC}") = "mine", "mine\mine.csproj", "{19E370DE-4BD1-42D7-806B-6DBCF8E33249}"
EndProject
Global
	GlobalSection(SolutionConfigurationPlatforms) = preSolution
		Debug|Any CPU = Debug|Any CPU
		Release|Any CPU = Release|Any CPU
	EndGlobalSection
	GlobalSection(ProjectConfigurationPlatforms) = postSolution
		{19E370DE-4BD1-42D7-806B-6DBCF8E33249}.Debug|Any CPU.ActiveCfg = Debug|Any CPU
		{19E370DE-4BD1-42D7-806B-6DBCF8E33249}.Debug|Any CPU.Build.0 = Debug|Any CPU
		{19E370DE-4BD1-42D7-806B-6DBCF8E33249}.Release|Any CPU.ActiveCfg = Release|Any CPU
		{19E370DE-4BD1-42D7-806B-6DBCF8E33249}.Release|Any CPU.Build.0 = Release|Any CPU
	EndGlobalSection
	GlobalSection(SolutionProperties) = preSolution
		HideSolutionNode = FALSE
	EndGlobalSection
	GlobalSection(ExtensibilityGlobals) = postSolution
		SolutionGuid = {E8FE87E8-A1A5-4F2C-A8F4-3B8497DABC94}
	EndGlobalSection
EndGlobal
